{
  "name": "light-list-box",
  "version": "1.0.0",
  "lockfileVersion": 1,
  "requires": true,
  "dependencies": {
    "elix": {
      "version": "12.1.1",
      "resolved": "https://registry.npmjs.org/elix/-/elix-12.1.1.tgz",
      "integrity": "sha512-OSNu01tiQSxJMswXPiKF4SaHbv8FrCFx0MChbw/Ccx/a2bwJN9OxRznaOQCESlosAAqdrVG4Bfdp391gGYpWEg==",
      "dev": true
    }
  }
}
